// !$*UTF8*$!
{
	archiveVersion = 1;
	classes = {
	};
	objectVersion = 46;
	objects = {

/* Begin PBXBuildFile section */
		04DDE22219EFB71D004AE7AB /* Foundation.framework in Frameworks */ = {isa = PBXBuildFile; fileRef = 04DDE22119EFB71D004AE7AB /* Foundation.framework */; };
		04DDE22419EFB71D004AE7AB /* CoreGraphics.framework in Frameworks */ = {isa = PBXBuildFile; fileRef = 04DDE22319EFB71D004AE7AB /* CoreGraphics.framework */; };
		04DDE22619EFB71D004AE7AB /* UIKit.framework in Frameworks */ = {isa = PBXBuildFile; fileRef = 04DDE22519EFB71D004AE7AB /* UIKit.framework */; };
		04DDE22C19EFB71D004AE7AB /* InfoPlist.strings in Resources */ = {isa = PBXBuildFile; fileRef = 04DDE22A19EFB71D004AE7AB /* InfoPlist.strings */; };
		04DDE22E19EFB71D004AE7AB /* main.m in Sources */ = {isa = PBXBuildFile; fileRef = 04DDE22D19EFB71D004AE7AB /* main.m */; };
		04DDE23219EFB71D004AE7AB /* DMFAppDelegate.m in Sources */ = {isa = PBXBuildFile; fileRef = 04DDE23119EFB71D004AE7AB /* DMFAppDelegate.m */; };
		04DDE23519EFB71D004AE7AB /* Main.storyboard in Resources */ = {isa = PBXBuildFile; fileRef = 04DDE23319EFB71D004AE7AB /* Main.storyboard */; };
		04DDE23819EFB71D004AE7AB /* DMFViewController.m in Sources */ = {isa = PBXBuildFile; fileRef = 04DDE23719EFB71D004AE7AB /* DMFViewController.m */; };
		04DDE23A19EFB71D004AE7AB /* Images.xcassets in Resources */ = {isa = PBXBuildFile; fileRef = 04DDE23919EFB71D004AE7AB /* Images.xcassets */; };
		04DDE24119EFB71D004AE7AB /* XCTest.framework in Frameworks */ = {isa = PBXBuildFile; fileRef = 04DDE24019EFB71D004AE7AB /* XCTest.framework */; };
		04DDE24219EFB71D004AE7AB /* Foundation.framework in Frameworks */ = {isa = PBXBuildFile; fileRef = 04DDE22119EFB71D004AE7AB /* Foundation.framework */; };
		04DDE24319EFB71D004AE7AB /* UIKit.framework in Frameworks */ = {isa = PBXBuildFile; fileRef = 04DDE22519EFB71D004AE7AB /* UIKit.framework */; };
		04DDE24B19EFB71D004AE7AB /* InfoPlist.strings in Resources */ = {isa = PBXBuildFile; fileRef = 04DDE24919EFB71D004AE7AB /* InfoPlist.strings */; };
		04DDE24D19EFB71D004AE7AB /* Git_TestTests.m in Sources */ = {isa = PBXBuildFile; fileRef = 04DDE24C19EFB71D004AE7AB /* Git_TestTests.m */; };
		04DDE25819EFBAC4004AE7AB /* DMFTest.m in Sources */ = {isa = PBXBuildFile; fileRef = 04DDE25719EFBAC4004AE7AB /* DMFTest.m */; };
/* End PBXBuildFile section */

/* Begin PBXContainerItemProxy section */
		04DDE24419EFB71D004AE7AB /* PBXContainerItemProxy */ = {
			isa = PBXContainerItemProxy;
			containerPortal = 04DDE21619EFB71C004AE7AB /* Project object */;
			proxyType = 1;
			remoteGlobalIDString = 04DDE21D19EFB71D004AE7AB;
			remoteInfo = "Git Test";
		};
/* End PBXContainerItemProxy section */

/* Begin PBXFileReference section */
		04DDE21E19EFB71D004AE7AB /* Git Test.app */ = {isa = PBXFileReference; explicitFileType = wrapper.application; includeInIndex = 0; path = "Git Test.app"; sourceTree = BUILT_PRODUCTS_DIR; };
		04DDE22119EFB71D004AE7AB /* Foundation.framework */ = {isa = PBXFileReference; lastKnownFileType = wrapper.framework; name = Foundation.framework; path = System/Library/Frameworks/Foundation.framework; sourceTree = SDKROOT; };
		04DDE22319EFB71D004AE7AB /* CoreGraphics.framework */ = {isa = PBXFileReference; lastKnownFileType = wrapper.framework; name = CoreGraphics.framework; path = System/Library/Frameworks/CoreGraphics.framework; sourceTree = SDKROOT; };
		04DDE22519EFB71D004AE7AB /* UIKit.framework */ = {isa = PBXFileReference; lastKnownFileType = wrapper.framework; name = UIKit.framework; path = System/Library/Frameworks/UIKit.framework; sourceTree = SDKROOT; };
		04DDE22919EFB71D004AE7AB /* Git Test-Info.plist */ = {isa = PBXFileReference; lastKnownFileType = text.plist.xml; path = "Git Test-Info.plist"; sourceTree = "<group>"; };
		04DDE22B19EFB71D004AE7AB /* en */ = {isa = PBXFileReference; lastKnownFileType = text.plist.strings; name = en; path = en.lproj/InfoPlist.strings; sourceTree = "<group>"; };
		04DDE22D19EFB71D004AE7AB /* main.m */ = {isa = PBXFileReference; lastKnownFileType = sourcecode.c.objc; path = main.m; sourceTree = "<group>"; };
		04DDE22F19EFB71D004AE7AB /* Git Test-Prefix.pch */ = {isa = PBXFileReference; lastKnownFileType = sourcecode.c.h; path = "Git Test-Prefix.pch"; sourceTree = "<group>"; };
		04DDE23019EFB71D004AE7AB /* DMFAppDelegate.h */ = {isa = PBXFileReference; lastKnownFileType = sourcecode.c.h; path = DMFAppDelegate.h; sourceTree = "<group>"; };
		04DDE23119EFB71D004AE7AB /* DMFAppDelegate.m */ = {isa = PBXFileReference; lastKnownFileType = sourcecode.c.objc; path = DMFAppDelegate.m; sourceTree = "<group>"; };
		04DDE23419EFB71D004AE7AB /* Base */ = {isa = PBXFileReference; lastKnownFileType = file.storyboard; name = Base; path = Base.lproj/Main.storyboard; sourceTree = "<group>"; };
		04DDE23619EFB71D004AE7AB /* DMFViewController.h */ = {isa = PBXFileReference; lastKnownFileType = sourcecode.c.h; path = DMFViewController.h; sourceTree = "<group>"; };
		04DDE23719EFB71D004AE7AB /* DMFViewController.m */ = {isa = PBXFileReference; lastKnownFileType = sourcecode.c.objc; path = DMFViewController.m; sourceTree = "<group>"; };
		04DDE23919EFB71D004AE7AB /* Images.xcassets */ = {isa = PBXFileReference; lastKnownFileType = folder.assetcatalog; path = Images.xcassets; sourceTree = "<group>"; };
		04DDE23F19EFB71D004AE7AB /* Git TestTests.xctest */ = {isa = PBXFileReference; explicitFileType = wrapper.cfbundle; includeInIndex = 0; path = "Git TestTests.xctest"; sourceTree = BUILT_PRODUCTS_DIR; };
		04DDE24019EFB71D004AE7AB /* XCTest.framework */ = {isa = PBXFileReference; lastKnownFileType = wrapper.framework; name = XCTest.framework; path = Library/Frameworks/XCTest.framework; sourceTree = DEVELOPER_DIR; };
		04DDE24819EFB71D004AE7AB /* Git TestTests-Info.plist */ = {isa = PBXFileReference; lastKnownFileType = text.plist.xml; path = "Git TestTests-Info.plist"; sourceTree = "<group>"; };
		04DDE24A19EFB71D004AE7AB /* en */ = {isa = PBXFileReference; lastKnownFileType = text.plist.strings; name = en; path = en.lproj/InfoPlist.strings; sourceTree = "<group>"; };
		04DDE24C19EFB71D004AE7AB /* Git_TestTests.m */ = {isa = PBXFileReference; lastKnownFileType = sourcecode.c.objc; path = Git_TestTests.m; sourceTree = "<group>"; };
		04DDE25619EFBAC4004AE7AB /* DMFTest.h */ = {isa = PBXFileReference; fileEncoding = 4; lastKnownFileType = sourcecode.c.h; path = DMFTest.h; sourceTree = "<group>"; };
		04DDE25719EFBAC4004AE7AB /* DMFTest.m */ = {isa = PBXFileReference; fileEncoding = 4; lastKnownFileType = sourcecode.c.objc; path = DMFTest.m; sourceTree = "<group>"; };
/* End PBXFileReference section */

/* Begin PBXFrameworksBuildPhase section */
		04DDE21B19EFB71D004AE7AB /* Frameworks */ = {
			isa = PBXFrameworksBuildPhase;
			buildActionMask = 2147483647;
			files = (
				04DDE22419EFB71D004AE7AB /* CoreGraphics.framework in Frameworks */,
				04DDE22619EFB71D004AE7AB /* UIKit.framework in Frameworks */,
				04DDE22219EFB71D004AE7AB /* Foundation.framework in Frameworks */,
			);
			runOnlyForDeploymentPostprocessing = 0;
		};
		04DDE23C19EFB71D004AE7AB /* Frameworks */ = {
			isa = PBXFrameworksBuildPhase;
			buildActionMask = 2147483647;
			files = (
				04DDE24119EFB71D004AE7AB /* XCTest.framework in Frameworks */,
				04DDE24319EFB71D004AE7AB /* UIKit.framework in Frameworks */,
				04DDE24219EFB71D004AE7AB /* Foundation.framework in Frameworks */,
			);
			runOnlyForDeploymentPostprocessing = 0;
		};
/* End PBXFrameworksBuildPhase section */

/* Begin PBXGroup section */
		04DDE21519EFB71C004AE7AB = {
			isa = PBXGroup;
			children = (
				04DDE22719EFB71D004AE7AB /* Git Test */,
				04DDE24619EFB71D004AE7AB /* Git TestTests */,
				04DDE22019EFB71D004AE7AB /* Frameworks */,
				04DDE21F19EFB71D004AE7AB /* Products */,
			);
			sourceTree = "<group>";
		};
		04DDE21F19EFB71D004AE7AB /* Products */ = {
			isa = PBXGroup;
			children = (
				04DDE21E19EFB71D004AE7AB /* Git Test.app */,
				04DDE23F19EFB71D004AE7AB /* Git TestTests.xctest */,
			);
			name = Products;
			sourceTree = "<group>";
		};
		04DDE22019EFB71D004AE7AB /* Frameworks */ = {
			isa = PBXGroup;
			children = (
				04DDE22119EFB71D004AE7AB /* Foundation.framework */,
				04DDE22319EFB71D004AE7AB /* CoreGraphics.framework */,
				04DDE22519EFB71D004AE7AB /* UIKit.framework */,
				04DDE24019EFB71D004AE7AB /* XCTest.framework */,
			);
			name = Frameworks;
			sourceTree = "<group>";
		};
		04DDE22719EFB71D004AE7AB /* Git Test */ = {
			isa = PBXGroup;
			children = (
				04DDE23019EFB71D004AE7AB /* DMFAppDelegate.h */,
				04DDE23119EFB71D004AE7AB /* DMFAppDelegate.m */,
				04DDE23319EFB71D004AE7AB /* Main.storyboard */,
				04DDE23619EFB71D004AE7AB /* DMFViewController.h */,
				04DDE23719EFB71D004AE7AB /* DMFViewController.m */,
				04DDE23919EFB71D004AE7AB /* Images.xcassets */,
				04DDE22819EFB71D004AE7AB /* Supporting Files */,
				04DDE25619EFBAC4004AE7AB /* DMFTest.h */,
				04DDE25719EFBAC4004AE7AB /* DMFTest.m */,
			);
			path = "Git Test";
			sourceTree = "<group>";
		};
		04DDE22819EFB71D004AE7AB /* Supporting Files */ = {
			isa = PBXGroup;
			children = (
				04DDE22919EFB71D004AE7AB /* Git Test-Info.plist */,
				04DDE22A19EFB71D004AE7AB /* InfoPlist.strings */,
				04DDE22D19EFB71D004AE7AB /* main.m */,
				04DDE22F19EFB71D004AE7AB /* Git Test-Prefix.pch */,
			);
			name = "Supporting Files";
			sourceTree = "<group>";
		};
		04DDE24619EFB71D004AE7AB /* Git TestTests */ = {
			isa = PBXGroup;
			children = (
				04DDE24C19EFB71D004AE7AB /* Git_TestTests.m */,
				04DDE24719EFB71D004AE7AB /* Supporting Files */,
			);
			path = "Git TestTests";
			sourceTree = "<group>";
		};
		04DDE24719EFB71D004AE7AB /* Supporting Files */ = {
			isa = PBXGroup;
			children = (
				04DDE24819EFB71D004AE7AB /* Git TestTests-Info.plist */,
				04DDE24919EFB71D004AE7AB /* InfoPlist.strings */,
			);
			name = "Supporting Files";
			sourceTree = "<group>";
		};
/* End PBXGroup section */

/* Begin PBXNativeTarget section */
		04DDE21D19EFB71D004AE7AB /* Git Test */ = {
			isa = PBXNativeTarget;
			buildConfigurationList = 04DDE25019EFB71D004AE7AB /* Build configuration list for PBXNativeTarget "Git Test" */;
			buildPhases = (
				04DDE21A19EFB71D004AE7AB /* Sources */,
				04DDE21B19EFB71D004AE7AB /* Frameworks */,
				04DDE21C19EFB71D004AE7AB /* Resources */,
			);
			buildRules = (
			);
			dependencies = (
			);
			name = "Git Test";
			productName = "Git Test";
			productReference = 04DDE21E19EFB71D004AE7AB /* Git Test.app */;
			productType = "com.apple.product-type.application";
		};
		04DDE23E19EFB71D004AE7AB /* Git TestTests */ = {
			isa = PBXNativeTarget;
			buildConfigurationList = 04DDE25319EFB71D004AE7AB /* Build configuration list for PBXNativeTarget "Git TestTests" */;
			buildPhases = (
				04DDE23B19EFB71D004AE7AB /* Sources */,
				04DDE23C19EFB71D004AE7AB /* Frameworks */,
				04DDE23D19EFB71D004AE7AB /* Resources */,
			);
			buildRules = (
			);
			dependencies = (
				04DDE24519EFB71D004AE7AB /* PBXTargetDependency */,
			);
			name = "Git TestTests";
			productName = "Git TestTests";
			productReference = 04DDE23F19EFB71D004AE7AB /* Git TestTests.xctest */;
			productType = "com.apple.product-type.bundle.unit-test";
		};
/* End PBXNativeTarget section */

/* Begin PBXProject section */
		04DDE21619EFB71C004AE7AB /* Project object */ = {
			isa = PBXProject;
			attributes = {
				CLASSPREFIX = DMF;
				LastUpgradeCheck = 0500;
				ORGANIZATIONNAME = "Dani Mar Family";
				TargetAttributes = {
					04DDE23E19EFB71D004AE7AB = {
						TestTargetID = 04DDE21D19EFB71D004AE7AB;
					};
				};
			};
			buildConfigurationList = 04DDE21919EFB71C004AE7AB /* Build configuration list for PBXProject "Git Test" */;
			compatibilityVersion = "Xcode 3.2";
			developmentRegion = English;
			hasScannedForEncodings = 0;
			knownRegions = (
				en,
				Base,
			);
			mainGroup = 04DDE21519EFB71C004AE7AB;
			productRefGroup = 04DDE21F19EFB71D004AE7AB /* Products */;
			projectDirPath = "";
			projectRoot = "";
			targets = (
				04DDE21D19EFB71D004AE7AB /* Git Test */,
				04DDE23E19EFB71D004AE7AB /* Git TestTests */,
			);
		};
/* End PBXProject section */

/* Begin PBXResourcesBuildPhase section */
		04DDE21C19EFB71D004AE7AB /* Resources */ = {
			isa = PBXResourcesBuildPhase;
			buildActionMask = 2147483647;
			files = (
				04DDE23A19EFB71D004AE7AB /* Images.xcassets in Resources */,
				04DDE22C19EFB71D004AE7AB /* InfoPlist.strings in Resources */,
				04DDE23519EFB71D004AE7AB /* Main.storyboard in Resources */,
			);
			runOnlyForDeploymentPostprocessing = 0;
		};
		04DDE23D19EFB71D004AE7AB /* Resources */ = {
			isa = PBXResourcesBuildPhase;
			buildActionMask = 2147483647;
			files = (
				04DDE24B19EFB71D004AE7AB /* InfoPlist.strings in Resources */,
			);
			runOnlyForDeploymentPostprocessing = 0;
		};
/* End PBXResourcesBuildPhase section */

/* Begin PBXSourcesBuildPhase section */
		04DDE21A19EFB71D004AE7AB /* Sources */ = {
			isa = PBXSourcesBuildPhase;
			buildActionMask = 2147483647;
			files = (
				04DDE23219EFB71D004AE7AB /* DMFAppDelegate.m in Sources */,
				04DDE23819EFB71D004AE7AB /* DMFViewController.m in Sources */,
				04DDE22E19EFB71D004AE7AB /* main.m in Sources */,
				04DDE25819EFBAC4004AE7AB /* DMFTest.m in Sources */,
			);
			runOnlyForDeploymentPostprocessing = 0;
		};
		04DDE23B19EFB71D004AE7AB /* Sources */ = {
			isa = PBXSourcesBuildPhase;
			buildActionMask = 2147483647;
			files = (
				04DDE24D19EFB71D004AE7AB /* Git_TestTests.m in Sources */,
			);
			runOnlyForDeploymentPostprocessing = 0;
		};
/* End PBXSourcesBuildPhase section */

/* Begin PBXTargetDependency section */
		04DDE24519EFB71D004AE7AB /* PBXTargetDependency */ = {
			isa = PBXTargetDependency;
			target = 04DDE21D19EFB71D004AE7AB /* Git Test */;
			targetProxy = 04DDE24419EFB71D004AE7AB /* PBXContainerItemProxy */;
		};
/* End PBXTargetDependency section */

/* Begin PBXVariantGroup section */
		04DDE22A19EFB71D004AE7AB /* InfoPlist.strings */ = {
			isa = PBXVariantGroup;
			children = (
				04DDE22B19EFB71D004AE7AB /* en */,
			);
			name = InfoPlist.strings;
			sourceTree = "<group>";
		};
		04DDE23319EFB71D004AE7AB /* Main.storyboard */ = {
			isa = PBXVariantGroup;
			children = (
				04DDE23419EFB71D004AE7AB /* Base */,
			);
			name = Main.storyboard;
			sourceTree = "<group>";
		};
		04DDE24919EFB71D004AE7AB /* InfoPlist.strings */ = {
			isa = PBXVariantGroup;
			children = (
				04DDE24A19EFB71D004AE7AB /* en */,
			);
			name = InfoPlist.strings;
			sourceTree = "<group>";
		};
/* End PBXVariantGroup section */

/* Begin XCBuildConfiguration section */
		04DDE24E19EFB71D004AE7AB /* Debug */ = {
			isa = XCBuildConfiguration;
			buildSettings = {
				ALWAYS_SEARCH_USER_PATHS = NO;
				ARCHS = "$(ARCHS_STANDARD_INCLUDING_64_BIT)";
				CLANG_CXX_LANGUAGE_STANDARD = "gnu++0x";
				CLANG_CXX_LIBRARY = "libc++";
				CLANG_ENABLE_MODULES = YES;
				CLANG_ENABLE_OBJC_ARC = YES;
				CLANG_WARN_BOOL_CONVERSION = YES;
				CLANG_WARN_CONSTANT_CONVERSION = YES;
				CLANG_WARN_DIRECT_OBJC_ISA_USAGE = YES_ERROR;
				CLANG_WARN_EMPTY_BODY = YES;
				CLANG_WARN_ENUM_CONVERSION = YES;
				CLANG_WARN_INT_CONVERSION = YES;
				CLANG_WARN_OBJC_ROOT_CLASS = YES_ERROR;
				CLANG_WARN__DUPLICATE_METHOD_MATCH = YES;
				"CODE_SIGN_IDENTITY[sdk=iphoneos*]" = "iPhone Developer";
				COPY_PHASE_STRIP = NO;
				GCC_C_LANGUAGE_STANDARD = gnu99;
				GCC_DYNAMIC_NO_PIC = NO;
				GCC_OPTIMIZATION_LEVEL = 0;
				GCC_PREPROCESSOR_DEFINITIONS = (
					"DEBUG=1",
					"$(inherited)",
				);
				GCC_SYMBOLS_PRIVATE_EXTERN = NO;
				GCC_WARN_64_TO_32_BIT_CONVERSION = YES;
				GCC_WARN_ABOUT_RETURN_TYPE = YES_ERROR;
				GCC_WARN_UNDECLARED_SELECTOR = YES;
				GCC_WARN_UNINITIALIZED_AUTOS = YES;
				GCC_WARN_UNUSED_FUNCTION = YES;
				GCC_WARN_UNUSED_VARIABLE = YES;
				IPHONEOS_DEPLOYMENT_TARGET = 7.0;
				ONLY_ACTIVE_ARCH = YES;
				SDKROOT = iphoneos;
			};
			name = Debug;
		};
		04DDE24F19EFB71D004AE7AB /* Release */ = {
			isa = XCBuildConfiguration;
			buildSettings = {
				ALWAYS_SEARCH_USER_PATHS = NO;
				ARCHS = "$(ARCHS_STANDARD_INCLUDING_64_BIT)";
				CLANG_CXX_LANGUAGE_STANDARD = "gnu++0x";
				CLANG_CXX_LIBRARY = "libc++";
				CLANG_ENABLE_MODULES = YES;
				CLANG_ENABLE_OBJC_ARC = YES;
				CLANG_WARN_BOOL_CONVERSION = YES;
				CLANG_WARN_CONSTANT_CONVERSION = YES;
				CLANG_WARN_DIRECT_OBJC_ISA_USAGE = YES_ERROR;
				CLANG_WARN_EMPTY_BODY = YES;
				CLANG_WARN_ENUM_CONVERSION = YES;
				CLANG_WARN_INT_CONVERSION = YES;
				CLANG_WARN_OBJC_ROOT_CLASS = YES_ERROR;
				CLANG_WARN__DUPLICATE_METHOD_MATCH = YES;
				"CODE_SIGN_IDENTITY[sdk=iphoneos*]" = "iPhone Developer";
				COPY_PHASE_STRIP = YES;
				ENABLE_NS_ASSERTIONS = NO;
				GCC_C_LANGUAGE_STANDARD = gnu99;
				GCC_WARN_64_TO_32_BIT_CONVERSION = YES;
				GCC_WARN_ABOUT_RETURN_TYPE = YES_ERROR;
				GCC_WARN_UNDECLARED_SELECTOR = YES;
				GCC_WARN_UNINITIALIZED_AUTOS = YES;
				GCC_WARN_UNUSED_FUNCTION = YES;
				GCC_WARN_UNUSED_VARIABLE = YES;
				IPHONEOS_DEPLOYMENT_TARGET = 7.0;
				SDKROOT = iphoneos;
				VALIDATE_PRODUCT = YES;
			};
			name = Release;
		};
		04DDE25119EFB71D004AE7AB /* Debug */ = {
			isa = XCBuildConfiguration;
			buildSettings = {
				ASSETCATALOG_COMPILER_APPICON_NAME = AppIcon;
				ASSETCATALOG_COMPILER_LAUNCHIMAGE_NAME = LaunchImage;
				GCC_PRECOMPILE_PREFIX_HEADER = YES;
				GCC_PREFIX_HEADER = "Git Test/Git Test-Prefix.pch";
				INFOPLIST_FILE = "Git Test/Git Test-Info.plist";
				PRODUCT_NAME = "$(TARGET_NAME)";
				WRAPPER_EXTENSION = app;
			};
			name = Debug;
		};
		04DDE25219EFB71D004AE7AB /* Release */ = {
			isa = XCBuildConfiguration;
			buildSettings = {
				ASSETCATALOG_COMPILER_APPICON_NAME = AppIcon;
				ASSETCATALOG_COMPILER_LAUNCHIMAGE_NAME = LaunchImage;
				GCC_PRECOMPILE_PREFIX_HEADER = YES;
				GCC_PREFIX_HEADER = "Git Test/Git Test-Prefix.pch";
				INFOPLIST_FILE = "Git Test/Git Test-Info.plist";
				PRODUCT_NAME = "$(TARGET_NAME)";
				WRAPPER_EXTENSION = app;
			};
			name = Release;
		};
		04DDE25419EFB71D004AE7AB /* Debug */ = {
			isa = XCBuildConfiguration;
			buildSettings = {
				ARCHS = "$(ARCHS_STANDARD_INCLUDING_64_BIT)";
				BUNDLE_LOADER = "$(BUILT_PRODUCTS_DIR)/Git Test.app/Git Test";
				FRAMEWORK_SEARCH_PATHS = (
					"$(SDKROOT)/Developer/Library/Frameworks",
					"$(inherited)",
					"$(DEVELOPER_FRAMEWORKS_DIR)",
				);
				GCC_PRECOMPILE_PREFIX_HEADER = YES;
				GCC_PREFIX_HEADER = "Git Test/Git Test-Prefix.pch";
				GCC_PREPROCESSOR_DEFINITIONS = (
					"DEBUG=1",
					"$(inherited)",
				);
				INFOPLIST_FILE = "Git TestTests/Git TestTests-Info.plist";
				PRODUCT_NAME = "$(TARGET_NAME)";
				TEST_HOST = "$(BUNDLE_LOADER)";
				WRAPPER_EXTENSION = xctest;
			};
			name = Debug;
		};
		04DDE25519EFB71D004AE7AB /* Release */ = {
			isa = XCBuildConfiguration;
			buildSettings = {
				ARCHS = "$(ARCHS_STANDARD_INCLUDING_64_BIT)";
				BUNDLE_LOADER = "$(BUILT_PRODUCTS_DIR)/Git Test.app/Git Test";
				FRAMEWORK_SEARCH_PATHS = (
					"$(SDKROOT)/Developer/Library/Frameworks",
					"$(inherited)",
					"$(DEVELOPER_FRAMEWORKS_DIR)",
				);
				GCC_PRECOMPILE_PREFIX_HEADER = YES;
				GCC_PREFIX_HEADER = "Git Test/Git Test-Prefix.pch";
				INFOPLIST_FILE = "Git TestTests/Git TestTests-Info.plist";
				PRODUCT_NAME = "$(TARGET_NAME)";
				TEST_HOST = "$(BUNDLE_LOADER)";
				WRAPPER_EXTENSION = xctest;
			};
			name = Release;
		};
/* End XCBuildConfiguration section */

/* Begin XCConfigurationList section */
		04DDE21919EFB71C004AE7AB /* Build configuration list for PBXProject "Git Test" */ = {
			isa = XCConfigurationList;
			buildConfigurations = (
				04DDE24E19EFB71D004AE7AB /* Debug */,
				04DDE24F19EFB71D004AE7AB /* Release */,
			);
			defaultConfigurationIsVisible = 0;
			defaultConfigurationName = Release;
		};
		04DDE25019EFB71D004AE7AB /* Build configuration list for PBXNativeTarget "Git Test" */ = {
			isa = XCConfigurationList;
			buildConfigurations = (
				04DDE25119EFB71D004AE7AB /* Debug */,
				04DDE25219EFB71D004AE7AB /* Release */,
			);
			defaultConfigurationIsVisible = 0;
		};
		04DDE25319EFB71D004AE7AB /* Build configuration list for PBXNativeTarget "Git TestTests" */ = {
			isa = XCConfigurationList;
			buildConfigurations = (
				04DDE25419EFB71D004AE7AB /* Debug */,
				04DDE25519EFB71D004AE7AB /* Release */,
			);
			defaultConfigurationIsVisible = 0;
		};
/* End XCConfigurationList section */
	};
	rootObject = 04DDE21619EFB71C004AE7AB /* Project object */;
}
